# This file is automatically @generated by Cargo.
# It is not intended for manual editing.
version = 3

[[package]]
name = "clone_dyn_types"
version = "0.26.0"
source = "registry+https://github.com/rust-lang/crates.io-index"
checksum = "0c23e9c07455288757e5142aaeb0e999f9f34dd2d3c27c9b5f8e3f85f4cb1eda"

[[package]]
name = "day1"
version = "0.1.0"
dependencies = [
 "iter_tools",
]

[[package]]
name = "either"
version = "1.13.0"
source = "registry+https://github.com/rust-lang/crates.io-index"
checksum = "60b1af1c220855b6ceac025d3f6ecdd2b7c4894bfe9cd9bda4fbb4bc7c0d4cf0"

[[package]]
name = "iter_tools"
version = "0.24.0"
source = "registry+https://github.com/rust-lang/crates.io-index"
checksum = "49a92afdf43693047a6079d379c88064970968bd6552a10f45c135a1c29e1094"
dependencies = [
 "clone_dyn_types",
 "itertools",
]

[[package]]
name = "itertools"
version = "0.11.0"
source = "registry+https://github.com/rust-lang/crates.io-index"
checksum = "b1c173a5686ce8bfa551b3563d0c2170bf24ca44da99c7ca4bfdab5418c3fe57"
dependencies = [
 "either",
]
